
Microsoft Visual Studio Solution File, Format Version 12.00
# Visual Studio Version 17
VisualStudioVersion = 17.10.34928.147
MinimumVisualStudioVersion = 10.0.40219.1
Project("{888888A0-9F3D-457C-B088-3A5042F75D52}") = "Завдання 1", "Завдання 1\Завдання 1.pyproj", "{B7128EAC-BBC5-41D3-B7BE-A8B05CA3BF00}"
EndProject
Global
	GlobalSection(SolutionConfigurationPlatforms) = preSolution
		Debug|Any CPU = Debug|Any CPU
		Release|Any CPU = Release|Any CPU
	EndGlobalSection
	GlobalSection(ProjectConfigurationPlatforms) = postSolution
		{B7128EAC-BBC5-41D3-B7BE-A8B05CA3BF00}.Debug|Any CPU.ActiveCfg = Debug|Any CPU
		{B7128EAC-BBC5-41D3-B7BE-A8B05CA3BF00}.Release|Any CPU.ActiveCfg = Release|Any CPU
	EndGlobalSection
	GlobalSection(SolutionProperties) = preSolution
		HideSolutionNode = FALSE
	EndGlobalSection
	GlobalSection(ExtensibilityGlobals) = postSolution
		SolutionGuid = {BE4A7041-98C3-4790-9782-5F3AA4EFC195}
	EndGlobalSection
EndGlobal
